
Microsoft Visual Studio Solution File, Format Version 12.00
# Visual Studio 15
VisualStudioVersion = 15.0.28010.2041
MinimumVisualStudioVersion = 10.0.40219.1
Project("{FAE04EC0-301F-11D3-BF4B-00C04F79EFBC}") = "UsingRegexInCSharp", "UsingRegexInCSharp\UsingRegexInCSharp.csproj", "{98C9C223-2B7F-4092-89A6-9405550533DB}"
EndProject
Global
	GlobalSection(SolutionConfigurationPlatforms) = preSolution
		Debug|Any CPU = Debug|Any CPU
		Release|Any CPU = Release|Any CPU
	EndGlobalSection
	GlobalSection(ProjectConfigurationPlatforms) = postSolution
		{98C9C223-2B7F-4092-89A6-9405550533DB}.Debug|Any CPU.ActiveCfg = Debug|Any CPU
		{98C9C223-2B7F-4092-89A6-9405550533DB}.Debug|Any CPU.Build.0 = Debug|Any CPU
		{98C9C223-2B7F-4092-89A6-9405550533DB}.Release|Any CPU.ActiveCfg = Release|Any CPU
		{98C9C223-2B7F-4092-89A6-9405550533DB}.Release|Any CPU.Build.0 = Release|Any CPU
	EndGlobalSection
	GlobalSection(SolutionProperties) = preSolution
		HideSolutionNode = FALSE
	EndGlobalSection
	GlobalSection(ExtensibilityGlobals) = postSolution
		SolutionGuid = {865DB5C5-5D92-47E9-9438-4F1E68C05ED7}
	EndGlobalSection
EndGlobal
